
Microsoft Visual Studio Solution File, Format Version 12.00
# Visual Studio Version 17
VisualStudioVersion = 17.14.36603.0 d17.14
MinimumVisualStudioVersion = 10.0.40219.1
Project("{FAE04EC0-301F-11D3-BF4B-00C04F79EFBC}") = "task_3_34", "task_3_34\task_3_34.csproj", "{460E0D54-7F8D-45C2-8C14-0620EA6D82DE}"
EndProject
Global
	GlobalSection(SolutionConfigurationPlatforms) = preSolution
		Debug|Any CPU = Debug|Any CPU
		Release|Any CPU = Release|Any CPU
	EndGlobalSection
	GlobalSection(ProjectConfigurationPlatforms) = postSolution
		{460E0D54-7F8D-45C2-8C14-0620EA6D82DE}.Debug|Any CPU.ActiveCfg = Debug|Any CPU
		{460E0D54-7F8D-45C2-8C14-0620EA6D82DE}.Debug|Any CPU.Build.0 = Debug|Any CPU
		{460E0D54-7F8D-45C2-8C14-0620EA6D82DE}.Release|Any CPU.ActiveCfg = Release|Any CPU
		{460E0D54-7F8D-45C2-8C14-0620EA6D82DE}.Release|Any CPU.Build.0 = Release|Any CPU
	EndGlobalSection
	GlobalSection(SolutionProperties) = preSolution
		HideSolutionNode = FALSE
	EndGlobalSection
	GlobalSection(ExtensibilityGlobals) = postSolution
		SolutionGuid = {1F690FF6-5537-49E9-B78B-E1F23D9FC862}
	EndGlobalSection
EndGlobal
