
Microsoft Visual Studio Solution File, Format Version 12.00
# Visual Studio Version 17
VisualStudioVersion = 17.14.36603.0 d17.14
MinimumVisualStudioVersion = 10.0.40219.1
Project("{FAE04EC0-301F-11D3-BF4B-00C04F79EFBC}") = "task_3_32", "task_3_32\task_3_32.csproj", "{EB73796D-C15D-4AF4-843D-0C2F9410BDFB}"
EndProject
Global
	GlobalSection(SolutionConfigurationPlatforms) = preSolution
		Debug|Any CPU = Debug|Any CPU
		Release|Any CPU = Release|Any CPU
	EndGlobalSection
	GlobalSection(ProjectConfigurationPlatforms) = postSolution
		{EB73796D-C15D-4AF4-843D-0C2F9410BDFB}.Debug|Any CPU.ActiveCfg = Debug|Any CPU
		{EB73796D-C15D-4AF4-843D-0C2F9410BDFB}.Debug|Any CPU.Build.0 = Debug|Any CPU
		{EB73796D-C15D-4AF4-843D-0C2F9410BDFB}.Release|Any CPU.ActiveCfg = Release|Any CPU
		{EB73796D-C15D-4AF4-843D-0C2F9410BDFB}.Release|Any CPU.Build.0 = Release|Any CPU
	EndGlobalSection
	GlobalSection(SolutionProperties) = preSolution
		HideSolutionNode = FALSE
	EndGlobalSection
	GlobalSection(ExtensibilityGlobals) = postSolution
		SolutionGuid = {F0DD20D8-BDD7-4108-B74B-E43A3197307C}
	EndGlobalSection
EndGlobal
