
Microsoft Visual Studio Solution File, Format Version 12.00
# Visual Studio Version 17
VisualStudioVersion = 17.14.36603.0 d17.14
MinimumVisualStudioVersion = 10.0.40219.1
Project("{FAE04EC0-301F-11D3-BF4B-00C04F79EFBC}") = "task_3_4", "task_3_4\task_3_4.csproj", "{C0E2BACF-D871-450C-9257-11CDB22DB8D4}"
EndProject
Global
	GlobalSection(SolutionConfigurationPlatforms) = preSolution
		Debug|Any CPU = Debug|Any CPU
		Release|Any CPU = Release|Any CPU
	EndGlobalSection
	GlobalSection(ProjectConfigurationPlatforms) = postSolution
		{C0E2BACF-D871-450C-9257-11CDB22DB8D4}.Debug|Any CPU.ActiveCfg = Debug|Any CPU
		{C0E2BACF-D871-450C-9257-11CDB22DB8D4}.Debug|Any CPU.Build.0 = Debug|Any CPU
		{C0E2BACF-D871-450C-9257-11CDB22DB8D4}.Release|Any CPU.ActiveCfg = Release|Any CPU
		{C0E2BACF-D871-450C-9257-11CDB22DB8D4}.Release|Any CPU.Build.0 = Release|Any CPU
	EndGlobalSection
	GlobalSection(SolutionProperties) = preSolution
		HideSolutionNode = FALSE
	EndGlobalSection
	GlobalSection(ExtensibilityGlobals) = postSolution
		SolutionGuid = {74338259-F660-44F7-98C7-3A84D1616152}
	EndGlobalSection
EndGlobal
