
Microsoft Visual Studio Solution File, Format Version 12.00
# Visual Studio Version 17
VisualStudioVersion = 17.14.36804.6 d17.14
MinimumVisualStudioVersion = 10.0.40219.1
Project("{FAE04EC0-301F-11D3-BF4B-00C04F79EFBC}") = "task_3_47", "task_3_47\task_3_47.csproj", "{DCFE7DA8-A7FE-4597-92DC-C693DEB3C68A}"
EndProject
Global
	GlobalSection(SolutionConfigurationPlatforms) = preSolution
		Debug|Any CPU = Debug|Any CPU
		Release|Any CPU = Release|Any CPU
	EndGlobalSection
	GlobalSection(ProjectConfigurationPlatforms) = postSolution
		{DCFE7DA8-A7FE-4597-92DC-C693DEB3C68A}.Debug|Any CPU.ActiveCfg = Debug|Any CPU
		{DCFE7DA8-A7FE-4597-92DC-C693DEB3C68A}.Debug|Any CPU.Build.0 = Debug|Any CPU
		{DCFE7DA8-A7FE-4597-92DC-C693DEB3C68A}.Release|Any CPU.ActiveCfg = Release|Any CPU
		{DCFE7DA8-A7FE-4597-92DC-C693DEB3C68A}.Release|Any CPU.Build.0 = Release|Any CPU
	EndGlobalSection
	GlobalSection(SolutionProperties) = preSolution
		HideSolutionNode = FALSE
	EndGlobalSection
	GlobalSection(ExtensibilityGlobals) = postSolution
		SolutionGuid = {EA6F3584-7911-4E57-9534-9F3AEDC5FAF8}
	EndGlobalSection
EndGlobal
