
Microsoft Visual Studio Solution File, Format Version 12.00
# Visual Studio Version 17
VisualStudioVersion = 17.14.36603.0 d17.14
MinimumVisualStudioVersion = 10.0.40219.1
Project("{FAE04EC0-301F-11D3-BF4B-00C04F79EFBC}") = "Task_3_30", "Task_3_30\Task_3_30.csproj", "{111B660B-4D29-4F8A-9139-C9DD5706F08E}"
EndProject
Global
	GlobalSection(SolutionConfigurationPlatforms) = preSolution
		Debug|Any CPU = Debug|Any CPU
		Release|Any CPU = Release|Any CPU
	EndGlobalSection
	GlobalSection(ProjectConfigurationPlatforms) = postSolution
		{111B660B-4D29-4F8A-9139-C9DD5706F08E}.Debug|Any CPU.ActiveCfg = Debug|Any CPU
		{111B660B-4D29-4F8A-9139-C9DD5706F08E}.Debug|Any CPU.Build.0 = Debug|Any CPU
		{111B660B-4D29-4F8A-9139-C9DD5706F08E}.Release|Any CPU.ActiveCfg = Release|Any CPU
		{111B660B-4D29-4F8A-9139-C9DD5706F08E}.Release|Any CPU.Build.0 = Release|Any CPU
	EndGlobalSection
	GlobalSection(SolutionProperties) = preSolution
		HideSolutionNode = FALSE
	EndGlobalSection
	GlobalSection(ExtensibilityGlobals) = postSolution
		SolutionGuid = {D7E697C1-4314-4A05-A0AA-64D44109FEE4}
	EndGlobalSection
EndGlobal
